
Microsoft Visual Studio Solution File, Format Version 12.00
# Visual Studio Version 16
VisualStudioVersion = 16.0.29728.190
MinimumVisualStudioVersion = 10.0.40219.1
Project("{FAE04EC0-301F-11D3-BF4B-00C04F79EFBC}") = "Week3CodeAlong", "Week3CodeAlong\Week3CodeAlong.csproj", "{A8A7842A-E471-4567-83A4-E3035C049CDD}"
EndProject
Global
	GlobalSection(SolutionConfigurationPlatforms) = preSolution
		Debug|Any CPU = Debug|Any CPU
		Release|Any CPU = Release|Any CPU
	EndGlobalSection
	GlobalSection(ProjectConfigurationPlatforms) = postSolution
		{A8A7842A-E471-4567-83A4-E3035C049CDD}.Debug|Any CPU.ActiveCfg = Debug|Any CPU
		{A8A7842A-E471-4567-83A4-E3035C049CDD}.Debug|Any CPU.Build.0 = Debug|Any CPU
		{A8A7842A-E471-4567-83A4-E3035C049CDD}.Release|Any CPU.ActiveCfg = Release|Any CPU
		{A8A7842A-E471-4567-83A4-E3035C049CDD}.Release|Any CPU.Build.0 = Release|Any CPU
	EndGlobalSection
	GlobalSection(SolutionProperties) = preSolution
		HideSolutionNode = FALSE
	EndGlobalSection
	GlobalSection(ExtensibilityGlobals) = postSolution
		SolutionGuid = {38D16FE8-6C71-4F6D-8AB8-2491C0591485}
	EndGlobalSection
EndGlobal
